
Microsoft Visual Studio Solution File, Format Version 12.00
# Visual Studio Version 17
VisualStudioVersion = 17.7.34221.43
MinimumVisualStudioVersion = 10.0.40219.1
Project("{FAE04EC0-301F-11D3-BF4B-00C04F79EFBC}") = "Lista tarefas", "Lista tarefas\Lista tarefas.csproj", "{88B8B2AD-E3AD-4147-82AF-022F42ABFFCA}"
EndProject
Global
	GlobalSection(SolutionConfigurationPlatforms) = preSolution
		Debug|Any CPU = Debug|Any CPU
		Release|Any CPU = Release|Any CPU
	EndGlobalSection
	GlobalSection(ProjectConfigurationPlatforms) = postSolution
		{88B8B2AD-E3AD-4147-82AF-022F42ABFFCA}.Debug|Any CPU.ActiveCfg = Debug|Any CPU
		{88B8B2AD-E3AD-4147-82AF-022F42ABFFCA}.Debug|Any CPU.Build.0 = Debug|Any CPU
		{88B8B2AD-E3AD-4147-82AF-022F42ABFFCA}.Release|Any CPU.ActiveCfg = Release|Any CPU
		{88B8B2AD-E3AD-4147-82AF-022F42ABFFCA}.Release|Any CPU.Build.0 = Release|Any CPU
	EndGlobalSection
	GlobalSection(SolutionProperties) = preSolution
		HideSolutionNode = FALSE
	EndGlobalSection
	GlobalSection(ExtensibilityGlobals) = postSolution
		SolutionGuid = {C9AC37C4-020E-4EE0-AA6E-958F81043C23}
	EndGlobalSection
EndGlobal
